// !$*UTF8*$!
{
	archiveVersion = 1;
	classes = {
	};
	objectVersion = 46;
	objects = {

/* Begin PBXBuildFile section */
		F3BBE0641B67F8AD00D8E24C /* AppDelegate.swift in Sources */ = {isa = PBXBuildFile; fileRef = F3BBE0631B67F8AD00D8E24C /* AppDelegate.swift */; };
		F3BBE0661B67F8AD00D8E24C /* ViewController.swift in Sources */ = {isa = PBXBuildFile; fileRef = F3BBE0651B67F8AD00D8E24C /* ViewController.swift */; };
		F3BBE0691B67F8AD00D8E24C /* Main.storyboard in Resources */ = {isa = PBXBuildFile; fileRef = F3BBE0671B67F8AD00D8E24C /* Main.storyboard */; };
		F3BBE06B1B67F8AD00D8E24C /* Images.xcassets in Resources */ = {isa = PBXBuildFile; fileRef = F3BBE06A1B67F8AD00D8E24C /* Images.xcassets */; };
		F3BBE06E1B67F8AD00D8E24C /* LaunchScreen.xib in Resources */ = {isa = PBXBuildFile; fileRef = F3BBE06C1B67F8AD00D8E24C /* LaunchScreen.xib */; };
		F3BBE07A1B67F8AE00D8E24C /* XIB_ExampleTests.swift in Sources */ = {isa = PBXBuildFile; fileRef = F3BBE0791B67F8AE00D8E24C /* XIB_ExampleTests.swift */; };
		F3BBE0861B67F8E300D8E24C /* CustomPopUp.swift in Sources */ = {isa = PBXBuildFile; fileRef = F3BBE0841B67F8E300D8E24C /* CustomPopUp.swift */; };
		F3BBE0871B67F8E300D8E24C /* CustomPopUp.xib in Resources */ = {isa = PBXBuildFile; fileRef = F3BBE0851B67F8E300D8E24C /* CustomPopUp.xib */; };
/* End PBXBuildFile section */

/* Begin PBXContainerItemProxy section */
		F3BBE0741B67F8AE00D8E24C /* PBXContainerItemProxy */ = {
			isa = PBXContainerItemProxy;
			containerPortal = F3BBE0561B67F8AD00D8E24C /* Project object */;
			proxyType = 1;
			remoteGlobalIDString = F3BBE05D1B67F8AD00D8E24C;
			remoteInfo = XIB_Example;
		};
/* End PBXContainerItemProxy section */

/* Begin PBXFileReference section */
		F3BBE05E1B67F8AD00D8E24C /* XIB_Example.app */ = {isa = PBXFileReference; explicitFileType = wrapper.application; includeInIndex = 0; path = XIB_Example.app; sourceTree = BUILT_PRODUCTS_DIR; };
		F3BBE0621B67F8AD00D8E24C /* Info.plist */ = {isa = PBXFileReference; lastKnownFileType = text.plist.xml; path = Info.plist; sourceTree = "<group>"; };
		F3BBE0631B67F8AD00D8E24C /* AppDelegate.swift */ = {isa = PBXFileReference; lastKnownFileType = sourcecode.swift; path = AppDelegate.swift; sourceTree = "<group>"; };
		F3BBE0651B67F8AD00D8E24C /* ViewController.swift */ = {isa = PBXFileReference; lastKnownFileType = sourcecode.swift; path = ViewController.swift; sourceTree = "<group>"; };
		F3BBE0681B67F8AD00D8E24C /* Base */ = {isa = PBXFileReference; lastKnownFileType = file.storyboard; name = Base; path = Base.lproj/Main.storyboard; sourceTree = "<group>"; };
		F3BBE06A1B67F8AD00D8E24C /* Images.xcassets */ = {isa = PBXFileReference; lastKnownFileType = folder.assetcatalog; path = Images.xcassets; sourceTree = "<group>"; };
		F3BBE06D1B67F8AD00D8E24C /* Base */ = {isa = PBXFileReference; lastKnownFileType = file.xib; name = Base; path = Base.lproj/LaunchScreen.xib; sourceTree = "<group>"; };
		F3BBE0731B67F8AE00D8E24C /* XIB_ExampleTests.xctest */ = {isa = PBXFileReference; explicitFileType = wrapper.cfbundle; includeInIndex = 0; path = XIB_ExampleTests.xctest; sourceTree = BUILT_PRODUCTS_DIR; };
		F3BBE0781B67F8AE00D8E24C /* Info.plist */ = {isa = PBXFileReference; lastKnownFileType = text.plist.xml; path = Info.plist; sourceTree = "<group>"; };
		F3BBE0791B67F8AE00D8E24C /* XIB_ExampleTests.swift */ = {isa = PBXFileReference; lastKnownFileType = sourcecode.swift; path = XIB_ExampleTests.swift; sourceTree = "<group>"; };
		F3BBE0841B67F8E300D8E24C /* CustomPopUp.swift */ = {isa = PBXFileReference; fileEncoding = 4; lastKnownFileType = sourcecode.swift; path = CustomPopUp.swift; sourceTree = "<group>"; };
		F3BBE0851B67F8E300D8E24C /* CustomPopUp.xib */ = {isa = PBXFileReference; fileEncoding = 4; lastKnownFileType = file.xib; path = CustomPopUp.xib; sourceTree = "<group>"; };
/* End PBXFileReference section */

/* Begin PBXFrameworksBuildPhase section */
		F3BBE05B1B67F8AD00D8E24C /* Frameworks */ = {
			isa = PBXFrameworksBuildPhase;
			buildActionMask = 2147483647;
			files = (
			);
			runOnlyForDeploymentPostprocessing = 0;
		};
		F3BBE0701B67F8AE00D8E24C /* Frameworks */ = {
			isa = PBXFrameworksBuildPhase;
			buildActionMask = 2147483647;
			files = (
			);
			runOnlyForDeploymentPostprocessing = 0;
		};
/* End PBXFrameworksBuildPhase section */

/* Begin PBXGroup section */
		F3BBE0551B67F8AD00D8E24C = {
			isa = PBXGroup;
			children = (
				F3BBE0831B67F8E300D8E24C /* XIB */,
				F3BBE0601B67F8AD00D8E24C /* XIB_Example */,
				F3BBE0761B67F8AE00D8E24C /* XIB_ExampleTests */,
				F3BBE05F1B67F8AD00D8E24C /* Products */,
			);
			sourceTree = "<group>";
		};
		F3BBE05F1B67F8AD00D8E24C /* Products */ = {
			isa = PBXGroup;
			children = (
				F3BBE05E1B67F8AD00D8E24C /* XIB_Example.app */,
				F3BBE0731B67F8AE00D8E24C /* XIB_ExampleTests.xctest */,
			);
			name = Products;
			sourceTree = "<group>";
		};
		F3BBE0601B67F8AD00D8E24C /* XIB_Example */ = {
			isa = PBXGroup;
			children = (
				F3BBE0631B67F8AD00D8E24C /* AppDelegate.swift */,
				F3BBE0651B67F8AD00D8E24C /* ViewController.swift */,
				F3BBE0671B67F8AD00D8E24C /* Main.storyboard */,
				F3BBE06A1B67F8AD00D8E24C /* Images.xcassets */,
				F3BBE06C1B67F8AD00D8E24C /* LaunchScreen.xib */,
				F3BBE0611B67F8AD00D8E24C /* Supporting Files */,
			);
			path = XIB_Example;
			sourceTree = "<group>";
		};
		F3BBE0611B67F8AD00D8E24C /* Supporting Files */ = {
			isa = PBXGroup;
			children = (
				F3BBE0621B67F8AD00D8E24C /* Info.plist */,
			);
			name = "Supporting Files";
			sourceTree = "<group>";
		};
		F3BBE0761B67F8AE00D8E24C /* XIB_ExampleTests */ = {
			isa = PBXGroup;
			children = (
				F3BBE0791B67F8AE00D8E24C /* XIB_ExampleTests.swift */,
				F3BBE0771B67F8AE00D8E24C /* Supporting Files */,
			);
			path = XIB_ExampleTests;
			sourceTree = "<group>";
		};
		F3BBE0771B67F8AE00D8E24C /* Supporting Files */ = {
			isa = PBXGroup;
			children = (
				F3BBE0781B67F8AE00D8E24C /* Info.plist */,
			);
			name = "Supporting Files";
			sourceTree = "<group>";
		};
		F3BBE0831B67F8E300D8E24C /* XIB */ = {
			isa = PBXGroup;
			children = (
				F3BBE0841B67F8E300D8E24C /* CustomPopUp.swift */,
				F3BBE0851B67F8E300D8E24C /* CustomPopUp.xib */,
			);
			path = XIB;
			sourceTree = "<group>";
		};
/* End PBXGroup section */

/* Begin PBXNativeTarget section */
		F3BBE05D1B67F8AD00D8E24C /* XIB_Example */ = {
			isa = PBXNativeTarget;
			buildConfigurationList = F3BBE07D1B67F8AE00D8E24C /* Build configuration list for PBXNativeTarget "XIB_Example" */;
			buildPhases = (
				F3BBE05A1B67F8AD00D8E24C /* Sources */,
				F3BBE05B1B67F8AD00D8E24C /* Frameworks */,
				F3BBE05C1B67F8AD00D8E24C /* Resources */,
			);
			buildRules = (
			);
			dependencies = (
			);
			name = XIB_Example;
			productName = XIB_Example;
			productReference = F3BBE05E1B67F8AD00D8E24C /* XIB_Example.app */;
			productType = "com.apple.product-type.application";
		};
		F3BBE0721B67F8AE00D8E24C /* XIB_ExampleTests */ = {
			isa = PBXNativeTarget;
			buildConfigurationList = F3BBE0801B67F8AE00D8E24C /* Build configuration list for PBXNativeTarget "XIB_ExampleTests" */;
			buildPhases = (
				F3BBE06F1B67F8AE00D8E24C /* Sources */,
				F3BBE0701B67F8AE00D8E24C /* Frameworks */,
				F3BBE0711B67F8AE00D8E24C /* Resources */,
			);
			buildRules = (
			);
			dependencies = (
				F3BBE0751B67F8AE00D8E24C /* PBXTargetDependency */,
			);
			name = XIB_ExampleTests;
			productName = XIB_ExampleTests;
			productReference = F3BBE0731B67F8AE00D8E24C /* XIB_ExampleTests.xctest */;
			productType = "com.apple.product-type.bundle.unit-test";
		};
/* End PBXNativeTarget section */

/* Begin PBXProject section */
		F3BBE0561B67F8AD00D8E24C /* Project object */ = {
			isa = PBXProject;
			attributes = {
				LastSwiftMigration = 0700;
				LastSwiftUpdateCheck = 0700;
				LastUpgradeCheck = 0640;
				ORGANIZATIONNAME = "Mauricio Conde";
				TargetAttributes = {
					F3BBE05D1B67F8AD00D8E24C = {
						CreatedOnToolsVersion = 6.4;
					};
					F3BBE0721B67F8AE00D8E24C = {
						CreatedOnToolsVersion = 6.4;
						TestTargetID = F3BBE05D1B67F8AD00D8E24C;
					};
				};
			};
			buildConfigurationList = F3BBE0591B67F8AD00D8E24C /* Build configuration list for PBXProject "XIB_Example" */;
			compatibilityVersion = "Xcode 3.2";
			developmentRegion = English;
			hasScannedForEncodings = 0;
			knownRegions = (
				en,
				Base,
			);
			mainGroup = F3BBE0551B67F8AD00D8E24C;
			productRefGroup = F3BBE05F1B67F8AD00D8E24C /* Products */;
			projectDirPath = "";
			projectRoot = "";
			targets = (
				F3BBE05D1B67F8AD00D8E24C /* XIB_Example */,
				F3BBE0721B67F8AE00D8E24C /* XIB_ExampleTests */,
			);
		};
/* End PBXProject section */

/* Begin PBXResourcesBuildPhase section */
		F3BBE05C1B67F8AD00D8E24C /* Resources */ = {
			isa = PBXResourcesBuildPhase;
			buildActionMask = 2147483647;
			files = (
				F3BBE0691B67F8AD00D8E24C /* Main.storyboard in Resources */,
				F3BBE06E1B67F8AD00D8E24C /* LaunchScreen.xib in Resources */,
				F3BBE06B1B67F8AD00D8E24C /* Images.xcassets in Resources */,
				F3BBE0871B67F8E300D8E24C /* CustomPopUp.xib in Resources */,
			);
			runOnlyForDeploymentPostprocessing = 0;
		};
		F3BBE0711B67F8AE00D8E24C /* Resources */ = {
			isa = PBXResourcesBuildPhase;
			buildActionMask = 2147483647;
			files = (
			);
			runOnlyForDeploymentPostprocessing = 0;
		};
/* End PBXResourcesBuildPhase section */

/* Begin PBXSourcesBuildPhase section */
		F3BBE05A1B67F8AD00D8E24C /* Sources */ = {
			isa = PBXSourcesBuildPhase;
			buildActionMask = 2147483647;
			files = (
				F3BBE0661B67F8AD00D8E24C /* ViewController.swift in Sources */,
				F3BBE0861B67F8E300D8E24C /* CustomPopUp.swift in Sources */,
				F3BBE0641B67F8AD00D8E24C /* AppDelegate.swift in Sources */,
			);
			runOnlyForDeploymentPostprocessing = 0;
		};
		F3BBE06F1B67F8AE00D8E24C /* Sources */ = {
			isa = PBXSourcesBuildPhase;
			buildActionMask = 2147483647;
			files = (
				F3BBE07A1B67F8AE00D8E24C /* XIB_ExampleTests.swift in Sources */,
			);
			runOnlyForDeploymentPostprocessing = 0;
		};
/* End PBXSourcesBuildPhase section */

/* Begin PBXTargetDependency section */
		F3BBE0751B67F8AE00D8E24C /* PBXTargetDependency */ = {
			isa = PBXTargetDependency;
			target = F3BBE05D1B67F8AD00D8E24C /* XIB_Example */;
			targetProxy = F3BBE0741B67F8AE00D8E24C /* PBXContainerItemProxy */;
		};
/* End PBXTargetDependency section */

/* Begin PBXVariantGroup section */
		F3BBE0671B67F8AD00D8E24C /* Main.storyboard */ = {
			isa = PBXVariantGroup;
			children = (
				F3BBE0681B67F8AD00D8E24C /* Base */,
			);
			name = Main.storyboard;
			sourceTree = "<group>";
		};
		F3BBE06C1B67F8AD00D8E24C /* LaunchScreen.xib */ = {
			isa = PBXVariantGroup;
			children = (
				F3BBE06D1B67F8AD00D8E24C /* Base */,
			);
			name = LaunchScreen.xib;
			sourceTree = "<group>";
		};
/* End PBXVariantGroup section */

/* Begin XCBuildConfiguration section */
		F3BBE07B1B67F8AE00D8E24C /* Debug */ = {
			isa = XCBuildConfiguration;
			buildSettings = {
				ALWAYS_SEARCH_USER_PATHS = NO;
				CLANG_CXX_LANGUAGE_STANDARD = "gnu++0x";
				CLANG_CXX_LIBRARY = "libc++";
				CLANG_ENABLE_MODULES = YES;
				CLANG_ENABLE_OBJC_ARC = YES;
				CLANG_WARN_BOOL_CONVERSION = YES;
				CLANG_WARN_CONSTANT_CONVERSION = YES;
				CLANG_WARN_DIRECT_OBJC_ISA_USAGE = YES_ERROR;
				CLANG_WARN_EMPTY_BODY = YES;
				CLANG_WARN_ENUM_CONVERSION = YES;
				CLANG_WARN_INT_CONVERSION = YES;
				CLANG_WARN_OBJC_ROOT_CLASS = YES_ERROR;
				CLANG_WARN_UNREACHABLE_CODE = YES;
				CLANG_WARN__DUPLICATE_METHOD_MATCH = YES;
				"CODE_SIGN_IDENTITY[sdk=iphoneos*]" = "iPhone Developer";
				COPY_PHASE_STRIP = NO;
				DEBUG_INFORMATION_FORMAT = "dwarf-with-dsym";
				ENABLE_STRICT_OBJC_MSGSEND = YES;
				GCC_C_LANGUAGE_STANDARD = gnu99;
				GCC_DYNAMIC_NO_PIC = NO;
				GCC_NO_COMMON_BLOCKS = YES;
				GCC_OPTIMIZATION_LEVEL = 0;
				GCC_PREPROCESSOR_DEFINITIONS = (
					"DEBUG=1",
					"$(inherited)",
				);
				GCC_SYMBOLS_PRIVATE_EXTERN = NO;
				GCC_WARN_64_TO_32_BIT_CONVERSION = YES;
				GCC_WARN_ABOUT_RETURN_TYPE = YES_ERROR;
				GCC_WARN_UNDECLARED_SELECTOR = YES;
				GCC_WARN_UNINITIALIZED_AUTOS = YES_AGGRESSIVE;
				GCC_WARN_UNUSED_FUNCTION = YES;
				GCC_WARN_UNUSED_VARIABLE = YES;
				IPHONEOS_DEPLOYMENT_TARGET = 8.4;
				MTL_ENABLE_DEBUG_INFO = YES;
				ONLY_ACTIVE_ARCH = YES;
				SDKROOT = iphoneos;
				SWIFT_OPTIMIZATION_LEVEL = "-Onone";
				TARGETED_DEVICE_FAMILY = "1,2";
			};
			name = Debug;
		};
		F3BBE07C1B67F8AE00D8E24C /* Release */ = {
			isa = XCBuildConfiguration;
			buildSettings = {
				ALWAYS_SEARCH_USER_PATHS = NO;
				CLANG_CXX_LANGUAGE_STANDARD = "gnu++0x";
				CLANG_CXX_LIBRARY = "libc++";
				CLANG_ENABLE_MODULES = YES;
				CLANG_ENABLE_OBJC_ARC = YES;
				CLANG_WARN_BOOL_CONVERSION = YES;
				CLANG_WARN_CONSTANT_CONVERSION = YES;
				CLANG_WARN_DIRECT_OBJC_ISA_USAGE = YES_ERROR;
				CLANG_WARN_EMPTY_BODY = YES;
				CLANG_WARN_ENUM_CONVERSION = YES;
				CLANG_WARN_INT_CONVERSION = YES;
				CLANG_WARN_OBJC_ROOT_CLASS = YES_ERROR;
				CLANG_WARN_UNREACHABLE_CODE = YES;
				CLANG_WARN__DUPLICATE_METHOD_MATCH = YES;
				"CODE_SIGN_IDENTITY[sdk=iphoneos*]" = "iPhone Developer";
				COPY_PHASE_STRIP = NO;
				DEBUG_INFORMATION_FORMAT = "dwarf-with-dsym";
				ENABLE_NS_ASSERTIONS = NO;
				ENABLE_STRICT_OBJC_MSGSEND = YES;
				GCC_C_LANGUAGE_STANDARD = gnu99;
				GCC_NO_COMMON_BLOCKS = YES;
				GCC_WARN_64_TO_32_BIT_CONVERSION = YES;
				GCC_WARN_ABOUT_RETURN_TYPE = YES_ERROR;
				GCC_WARN_UNDECLARED_SELECTOR = YES;
				GCC_WARN_UNINITIALIZED_AUTOS = YES_AGGRESSIVE;
				GCC_WARN_UNUSED_FUNCTION = YES;
				GCC_WARN_UNUSED_VARIABLE = YES;
				IPHONEOS_DEPLOYMENT_TARGET = 8.4;
				MTL_ENABLE_DEBUG_INFO = NO;
				SDKROOT = iphoneos;
				TARGETED_DEVICE_FAMILY = "1,2";
				VALIDATE_PRODUCT = YES;
			};
			name = Release;
		};
		F3BBE07E1B67F8AE00D8E24C /* Debug */ = {
			isa = XCBuildConfiguration;
			buildSettings = {
				ASSETCATALOG_COMPILER_APPICON_NAME = AppIcon;
				INFOPLIST_FILE = XIB_Example/Info.plist;
				LD_RUNPATH_SEARCH_PATHS = "$(inherited) @executable_path/Frameworks";
				PRODUCT_NAME = "$(TARGET_NAME)";
			};
			name = Debug;
		};
		F3BBE07F1B67F8AE00D8E24C /* Release */ = {
			isa = XCBuildConfiguration;
			buildSettings = {
				ASSETCATALOG_COMPILER_APPICON_NAME = AppIcon;
				INFOPLIST_FILE = XIB_Example/Info.plist;
				LD_RUNPATH_SEARCH_PATHS = "$(inherited) @executable_path/Frameworks";
				PRODUCT_NAME = "$(TARGET_NAME)";
			};
			name = Release;
		};
		F3BBE0811B67F8AE00D8E24C /* Debug */ = {
			isa = XCBuildConfiguration;
			buildSettings = {
				BUNDLE_LOADER = "$(TEST_HOST)";
				FRAMEWORK_SEARCH_PATHS = (
					"$(SDKROOT)/Developer/Library/Frameworks",
					"$(inherited)",
				);
				GCC_PREPROCESSOR_DEFINITIONS = (
					"DEBUG=1",
					"$(inherited)",
				);
				INFOPLIST_FILE = XIB_ExampleTests/Info.plist;
				LD_RUNPATH_SEARCH_PATHS = "$(inherited) @executable_path/Frameworks @loader_path/Frameworks";
				PRODUCT_NAME = "$(TARGET_NAME)";
				TEST_HOST = "$(BUILT_PRODUCTS_DIR)/XIB_Example.app/XIB_Example";
			};
			name = Debug;
		};
		F3BBE0821B67F8AE00D8E24C /* Release */ = {
			isa = XCBuildConfiguration;
			buildSettings = {
				BUNDLE_LOADER = "$(TEST_HOST)";
				FRAMEWORK_SEARCH_PATHS = (
					"$(SDKROOT)/Developer/Library/Frameworks",
					"$(inherited)",
				);
				INFOPLIST_FILE = XIB_ExampleTests/Info.plist;
				LD_RUNPATH_SEARCH_PATHS = "$(inherited) @executable_path/Frameworks @loader_path/Frameworks";
				PRODUCT_NAME = "$(TARGET_NAME)";
				TEST_HOST = "$(BUILT_PRODUCTS_DIR)/XIB_Example.app/XIB_Example";
			};
			name = Release;
		};
/* End XCBuildConfiguration section */

/* Begin XCConfigurationList section */
		F3BBE0591B67F8AD00D8E24C /* Build configuration list for PBXProject "XIB_Example" */ = {
			isa = XCConfigurationList;
			buildConfigurations = (
				F3BBE07B1B67F8AE00D8E24C /* Debug */,
				F3BBE07C1B67F8AE00D8E24C /* Release */,
			);
			defaultConfigurationIsVisible = 0;
			defaultConfigurationName = Release;
		};
		F3BBE07D1B67F8AE00D8E24C /* Build configuration list for PBXNativeTarget "XIB_Example" */ = {
			isa = XCConfigurationList;
			buildConfigurations = (
				F3BBE07E1B67F8AE00D8E24C /* Debug */,
				F3BBE07F1B67F8AE00D8E24C /* Release */,
			);
			defaultConfigurationIsVisible = 0;
			defaultConfigurationName = Release;
		};
		F3BBE0801B67F8AE00D8E24C /* Build configuration list for PBXNativeTarget "XIB_ExampleTests" */ = {
			isa = XCConfigurationList;
			buildConfigurations = (
				F3BBE0811B67F8AE00D8E24C /* Debug */,
				F3BBE0821B67F8AE00D8E24C /* Release */,
			);
			defaultConfigurationIsVisible = 0;
			defaultConfigurationName = Release;
		};
/* End XCConfigurationList section */
	};
	rootObject = F3BBE0561B67F8AD00D8E24C /* Project object */;
}
